
Microsoft Visual Studio Solution File, Format Version 12.00
# Visual Studio Version 17
VisualStudioVersion = 17.9.34728.123
MinimumVisualStudioVersion = 10.0.40219.1
Project("{9A19103F-16F7-4668-BE54-9A1E7A4F7556}") = "01.HelloSoftUni", "01. Hello SoftUni\01.HelloSoftUni.csproj", "{8EC557EA-B006-4549-B828-4FFD1194CB58}"
EndProject
Project("{9A19103F-16F7-4668-BE54-9A1E7A4F7556}") = "02.Nums1-10", "02. Nums 1-10\02.Nums1-10.csproj", "{50BAF066-7E91-47E1-996E-4145BD6E34F5}"
EndProject
Project("{9A19103F-16F7-4668-BE54-9A1E7A4F7556}") = "03.RectangleArea", "03. Rectangle Area\03.RectangleArea.csproj", "{F3258A01-D5A6-48BF-96F1-CB4808C4F678}"
EndProject
Project("{9A19103F-16F7-4668-BE54-9A1E7A4F7556}") = "04.InchesToCentimeters", "04. Inches to Centimeters\04.InchesToCentimeters.csproj", "{7785E091-CB7A-46CA-914F-47A829F73A4B}"
EndProject
Project("{9A19103F-16F7-4668-BE54-9A1E7A4F7556}") = "05.GreetingByName", "05. Greeting by Name\05.GreetingByName.csproj", "{1F217FB3-8B2C-43A9-9C99-3412E1142E87}"
EndProject
Project("{9A19103F-16F7-4668-BE54-9A1E7A4F7556}") = "06.ConcatenateData", "06. Concatenate Data\06.ConcatenateData.csproj", "{B625780A-36E8-4B54-AD0C-16A948F246FB}"
EndProject
Project("{FAE04EC0-301F-11D3-BF4B-00C04F79EFBC}") = "07.ProjectsCreation", "07.ProjectsCreation\07.ProjectsCreation.csproj", "{E58A3B27-DF06-4F91-8E32-073F6198CF58}"
EndProject
Project("{FAE04EC0-301F-11D3-BF4B-00C04F79EFBC}") = "08.PetShop", "08.PetShop\08.PetShop.csproj", "{C6E40A14-2618-416B-A0C5-C51152097CDE}"
EndProject
Project("{FAE04EC0-301F-11D3-BF4B-00C04F79EFBC}") = "09.YardGreening", "09.YardGreening\09.YardGreening.csproj", "{D95A4647-CCD1-46F8-86AA-DFC237DCCF85}"
EndProject
Global
	GlobalSection(SolutionConfigurationPlatforms) = preSolution
		Debug|Any CPU = Debug|Any CPU
		Release|Any CPU = Release|Any CPU
	EndGlobalSection
	GlobalSection(ProjectConfigurationPlatforms) = postSolution
		{8EC557EA-B006-4549-B828-4FFD1194CB58}.Debug|Any CPU.ActiveCfg = Debug|Any CPU
		{8EC557EA-B006-4549-B828-4FFD1194CB58}.Debug|Any CPU.Build.0 = Debug|Any CPU
		{8EC557EA-B006-4549-B828-4FFD1194CB58}.Release|Any CPU.ActiveCfg = Release|Any CPU
		{8EC557EA-B006-4549-B828-4FFD1194CB58}.Release|Any CPU.Build.0 = Release|Any CPU
		{50BAF066-7E91-47E1-996E-4145BD6E34F5}.Debug|Any CPU.ActiveCfg = Debug|Any CPU
		{50BAF066-7E91-47E1-996E-4145BD6E34F5}.Debug|Any CPU.Build.0 = Debug|Any CPU
		{50BAF066-7E91-47E1-996E-4145BD6E34F5}.Release|Any CPU.ActiveCfg = Release|Any CPU
		{50BAF066-7E91-47E1-996E-4145BD6E34F5}.Release|Any CPU.Build.0 = Release|Any CPU
		{F3258A01-D5A6-48BF-96F1-CB4808C4F678}.Debug|Any CPU.ActiveCfg = Debug|Any CPU
		{F3258A01-D5A6-48BF-96F1-CB4808C4F678}.Debug|Any CPU.Build.0 = Debug|Any CPU
		{F3258A01-D5A6-48BF-96F1-CB4808C4F678}.Release|Any CPU.ActiveCfg = Release|Any CPU
		{F3258A01-D5A6-48BF-96F1-CB4808C4F678}.Release|Any CPU.Build.0 = Release|Any CPU
		{7785E091-CB7A-46CA-914F-47A829F73A4B}.Debug|Any CPU.ActiveCfg = Debug|Any CPU
		{7785E091-CB7A-46CA-914F-47A829F73A4B}.Debug|Any CPU.Build.0 = Debug|Any CPU
		{7785E091-CB7A-46CA-914F-47A829F73A4B}.Release|Any CPU.ActiveCfg = Release|Any CPU
		{7785E091-CB7A-46CA-914F-47A829F73A4B}.Release|Any CPU.Build.0 = Release|Any CPU
		{1F217FB3-8B2C-43A9-9C99-3412E1142E87}.Debug|Any CPU.ActiveCfg = Debug|Any CPU
		{1F217FB3-8B2C-43A9-9C99-3412E1142E87}.Debug|Any CPU.Build.0 = Debug|Any CPU
		{1F217FB3-8B2C-43A9-9C99-3412E1142E87}.Release|Any CPU.ActiveCfg = Release|Any CPU
		{1F217FB3-8B2C-43A9-9C99-3412E1142E87}.Release|Any CPU.Build.0 = Release|Any CPU
		{B625780A-36E8-4B54-AD0C-16A948F246FB}.Debug|Any CPU.ActiveCfg = Debug|Any CPU
		{B625780A-36E8-4B54-AD0C-16A948F246FB}.Debug|Any CPU.Build.0 = Debug|Any CPU
		{B625780A-36E8-4B54-AD0C-16A948F246FB}.Release|Any CPU.ActiveCfg = Release|Any CPU
		{B625780A-36E8-4B54-AD0C-16A948F246FB}.Release|Any CPU.Build.0 = Release|Any CPU
		{E58A3B27-DF06-4F91-8E32-073F6198CF58}.Debug|Any CPU.ActiveCfg = Debug|Any CPU
		{E58A3B27-DF06-4F91-8E32-073F6198CF58}.Debug|Any CPU.Build.0 = Debug|Any CPU
		{E58A3B27-DF06-4F91-8E32-073F6198CF58}.Release|Any CPU.ActiveCfg = Release|Any CPU
		{E58A3B27-DF06-4F91-8E32-073F6198CF58}.Release|Any CPU.Build.0 = Release|Any CPU
		{C6E40A14-2618-416B-A0C5-C51152097CDE}.Debug|Any CPU.ActiveCfg = Debug|Any CPU
		{C6E40A14-2618-416B-A0C5-C51152097CDE}.Debug|Any CPU.Build.0 = Debug|Any CPU
		{C6E40A14-2618-416B-A0C5-C51152097CDE}.Release|Any CPU.ActiveCfg = Release|Any CPU
		{C6E40A14-2618-416B-A0C5-C51152097CDE}.Release|Any CPU.Build.0 = Release|Any CPU
		{D95A4647-CCD1-46F8-86AA-DFC237DCCF85}.Debug|Any CPU.ActiveCfg = Debug|Any CPU
		{D95A4647-CCD1-46F8-86AA-DFC237DCCF85}.Debug|Any CPU.Build.0 = Debug|Any CPU
		{D95A4647-CCD1-46F8-86AA-DFC237DCCF85}.Release|Any CPU.ActiveCfg = Release|Any CPU
		{D95A4647-CCD1-46F8-86AA-DFC237DCCF85}.Release|Any CPU.Build.0 = Release|Any CPU
	EndGlobalSection
	GlobalSection(SolutionProperties) = preSolution
		HideSolutionNode = FALSE
	EndGlobalSection
	GlobalSection(ExtensibilityGlobals) = postSolution
		SolutionGuid = {9EE745A6-2D96-4A2C-AF32-19A304DB6B87}
	EndGlobalSection
EndGlobal
