
Microsoft Visual Studio Solution File, Format Version 12.00
# Visual Studio Version 17
VisualStudioVersion = 17.11.35312.102
MinimumVisualStudioVersion = 10.0.40219.1
Project("{9A19103F-16F7-4668-BE54-9A1E7A4F7556}") = "01.DataTypes", "01.DataTypes\01.DataTypes.csproj", "{019178DF-8662-4ED1-AD4E-F506E74303F5}"
EndProject
Project("{9A19103F-16F7-4668-BE54-9A1E7A4F7556}") = "02.CenterPoint", "02.CenterPoint\02.CenterPoint.csproj", "{04D1C22D-46A8-4126-BDC9-A55F0C6E2BCD}"
EndProject
Project("{9A19103F-16F7-4668-BE54-9A1E7A4F7556}") = "03.LongerLine", "03.LongerLine\03.LongerLine.csproj", "{77E9648A-0F2C-4A25-A0F3-E854804C05AA}"
EndProject
Project("{9A19103F-16F7-4668-BE54-9A1E7A4F7556}") = "04.TribonacciSequence", "04.TribonacciSequence\04.TribonacciSequence.csproj", "{D25ADAF2-DD75-4A08-9530-C734D0E75DC7}"
EndProject
Project("{FAE04EC0-301F-11D3-BF4B-00C04F79EFBC}") = "05.MultiplicationSign", "05.MultiplicationSign\05.MultiplicationSign.csproj", "{393799A8-71DB-4357-BD11-E8D40B2C27C2}"
EndProject
Global
	GlobalSection(SolutionConfigurationPlatforms) = preSolution
		Debug|Any CPU = Debug|Any CPU
		Release|Any CPU = Release|Any CPU
	EndGlobalSection
	GlobalSection(ProjectConfigurationPlatforms) = postSolution
		{019178DF-8662-4ED1-AD4E-F506E74303F5}.Debug|Any CPU.ActiveCfg = Debug|Any CPU
		{019178DF-8662-4ED1-AD4E-F506E74303F5}.Debug|Any CPU.Build.0 = Debug|Any CPU
		{019178DF-8662-4ED1-AD4E-F506E74303F5}.Release|Any CPU.ActiveCfg = Release|Any CPU
		{019178DF-8662-4ED1-AD4E-F506E74303F5}.Release|Any CPU.Build.0 = Release|Any CPU
		{04D1C22D-46A8-4126-BDC9-A55F0C6E2BCD}.Debug|Any CPU.ActiveCfg = Debug|Any CPU
		{04D1C22D-46A8-4126-BDC9-A55F0C6E2BCD}.Debug|Any CPU.Build.0 = Debug|Any CPU
		{04D1C22D-46A8-4126-BDC9-A55F0C6E2BCD}.Release|Any CPU.ActiveCfg = Release|Any CPU
		{04D1C22D-46A8-4126-BDC9-A55F0C6E2BCD}.Release|Any CPU.Build.0 = Release|Any CPU
		{77E9648A-0F2C-4A25-A0F3-E854804C05AA}.Debug|Any CPU.ActiveCfg = Debug|Any CPU
		{77E9648A-0F2C-4A25-A0F3-E854804C05AA}.Debug|Any CPU.Build.0 = Debug|Any CPU
		{77E9648A-0F2C-4A25-A0F3-E854804C05AA}.Release|Any CPU.ActiveCfg = Release|Any CPU
		{77E9648A-0F2C-4A25-A0F3-E854804C05AA}.Release|Any CPU.Build.0 = Release|Any CPU
		{D25ADAF2-DD75-4A08-9530-C734D0E75DC7}.Debug|Any CPU.ActiveCfg = Debug|Any CPU
		{D25ADAF2-DD75-4A08-9530-C734D0E75DC7}.Debug|Any CPU.Build.0 = Debug|Any CPU
		{D25ADAF2-DD75-4A08-9530-C734D0E75DC7}.Release|Any CPU.ActiveCfg = Release|Any CPU
		{D25ADAF2-DD75-4A08-9530-C734D0E75DC7}.Release|Any CPU.Build.0 = Release|Any CPU
		{393799A8-71DB-4357-BD11-E8D40B2C27C2}.Debug|Any CPU.ActiveCfg = Debug|Any CPU
		{393799A8-71DB-4357-BD11-E8D40B2C27C2}.Debug|Any CPU.Build.0 = Debug|Any CPU
		{393799A8-71DB-4357-BD11-E8D40B2C27C2}.Release|Any CPU.ActiveCfg = Release|Any CPU
		{393799A8-71DB-4357-BD11-E8D40B2C27C2}.Release|Any CPU.Build.0 = Release|Any CPU
	EndGlobalSection
	GlobalSection(SolutionProperties) = preSolution
		HideSolutionNode = FALSE
	EndGlobalSection
	GlobalSection(ExtensibilityGlobals) = postSolution
		SolutionGuid = {E467FF22-6CF7-4DE2-8C99-321E6F00D517}
	EndGlobalSection
EndGlobal
