
Microsoft Visual Studio Solution File, Format Version 12.00
# Visual Studio Version 17
VisualStudioVersion = 17.11.35312.102
MinimumVisualStudioVersion = 10.0.40219.1
Project("{FAE04EC0-301F-11D3-BF4B-00C04F79EFBC}") = "01.GuineaPig", "01.GuineaPig\01.GuineaPig.csproj", "{1599011E-0F54-4C74-B38C-44AA4E4395EE}"
EndProject
Project("{FAE04EC0-301F-11D3-BF4B-00C04F79EFBC}") = "02.TheLift", "02.TheLift\02.TheLift.csproj", "{1D78EC3F-C586-4220-B060-D29C06A1FEC9}"
EndProject
Project("{FAE04EC0-301F-11D3-BF4B-00C04F79EFBC}") = "03.MovingTarget", "03.MovingTarget\03.MovingTarget.csproj", "{A0FC3725-77F6-483A-9CF7-5E49353FB950}"
EndProject
Global
	GlobalSection(SolutionConfigurationPlatforms) = preSolution
		Debug|Any CPU = Debug|Any CPU
		Release|Any CPU = Release|Any CPU
	EndGlobalSection
	GlobalSection(ProjectConfigurationPlatforms) = postSolution
		{1599011E-0F54-4C74-B38C-44AA4E4395EE}.Debug|Any CPU.ActiveCfg = Debug|Any CPU
		{1599011E-0F54-4C74-B38C-44AA4E4395EE}.Debug|Any CPU.Build.0 = Debug|Any CPU
		{1599011E-0F54-4C74-B38C-44AA4E4395EE}.Release|Any CPU.ActiveCfg = Release|Any CPU
		{1599011E-0F54-4C74-B38C-44AA4E4395EE}.Release|Any CPU.Build.0 = Release|Any CPU
		{1D78EC3F-C586-4220-B060-D29C06A1FEC9}.Debug|Any CPU.ActiveCfg = Debug|Any CPU
		{1D78EC3F-C586-4220-B060-D29C06A1FEC9}.Debug|Any CPU.Build.0 = Debug|Any CPU
		{1D78EC3F-C586-4220-B060-D29C06A1FEC9}.Release|Any CPU.ActiveCfg = Release|Any CPU
		{1D78EC3F-C586-4220-B060-D29C06A1FEC9}.Release|Any CPU.Build.0 = Release|Any CPU
		{A0FC3725-77F6-483A-9CF7-5E49353FB950}.Debug|Any CPU.ActiveCfg = Debug|Any CPU
		{A0FC3725-77F6-483A-9CF7-5E49353FB950}.Debug|Any CPU.Build.0 = Debug|Any CPU
		{A0FC3725-77F6-483A-9CF7-5E49353FB950}.Release|Any CPU.ActiveCfg = Release|Any CPU
		{A0FC3725-77F6-483A-9CF7-5E49353FB950}.Release|Any CPU.Build.0 = Release|Any CPU
	EndGlobalSection
	GlobalSection(SolutionProperties) = preSolution
		HideSolutionNode = FALSE
	EndGlobalSection
	GlobalSection(ExtensibilityGlobals) = postSolution
		SolutionGuid = {40A641F3-0494-4654-B2ED-01372EF3F99E}
	EndGlobalSection
EndGlobal
