
Microsoft Visual Studio Solution File, Format Version 12.00
# Visual Studio Version 17
VisualStudioVersion = 17.11.35312.102
MinimumVisualStudioVersion = 10.0.40219.1
Project("{FAE04EC0-301F-11D3-BF4B-00C04F79EFBC}") = "01.Train", "01.Train\01.Train.csproj", "{3722272B-1024-41C4-B6F8-4DF31642DF0F}"
EndProject
Project("{FAE04EC0-301F-11D3-BF4B-00C04F79EFBC}") = "02.ChangeList", "02.ChangeList\02.ChangeList.csproj", "{19BD8718-4FDA-4A29-8A7E-54B17C68D7E8}"
EndProject
Project("{FAE04EC0-301F-11D3-BF4B-00C04F79EFBC}") = "03.HouseParty", "03.HouseParty\03.HouseParty.csproj", "{E4443EF9-CF42-4200-92C5-5856A2FD3214}"
EndProject
Project("{FAE04EC0-301F-11D3-BF4B-00C04F79EFBC}") = "04.ListOperations", "04.ListOperations\04.ListOperations.csproj", "{97B5BC65-3C87-4F19-B949-AD329DDCFE2E}"
EndProject
Project("{FAE04EC0-301F-11D3-BF4B-00C04F79EFBC}") = "05.BombNumbers", "05.BombNumbers\05.BombNumbers.csproj", "{8AFBAD86-7539-4DFD-B82D-EB35CFB73044}"
EndProject
Project("{FAE04EC0-301F-11D3-BF4B-00C04F79EFBC}") = "06.CardsGame", "06.CardsGame\06.CardsGame.csproj", "{48DBF149-C1C4-4918-8430-E68E4236F3D1}"
EndProject
Project("{FAE04EC0-301F-11D3-BF4B-00C04F79EFBC}") = "07.AppendArrays", "07.AppendArrays\07.AppendArrays.csproj", "{7885431E-D838-4425-AB56-321C6909937C}"
EndProject
Project("{FAE04EC0-301F-11D3-BF4B-00C04F79EFBC}") = "08.AnonymousThreat", "08.AnonymousThreat\08.AnonymousThreat.csproj", "{021CBB55-EB11-4EB5-B610-37DCD8E52779}"
EndProject
Project("{FAE04EC0-301F-11D3-BF4B-00C04F79EFBC}") = "09.PokemonDon'tGo", "09.PokemonDon'tGo\09.PokemonDon'tGo.csproj", "{F04376D8-2B96-4B34-8B58-503F000B0EB4}"
EndProject
Project("{FAE04EC0-301F-11D3-BF4B-00C04F79EFBC}") = "10.SoftUniCoursePlanning", "10.SoftUniCoursePlanning\10.SoftUniCoursePlanning.csproj", "{34FE8715-CF7B-4116-BA83-392F50C965BC}"
EndProject
Global
	GlobalSection(SolutionConfigurationPlatforms) = preSolution
		Debug|Any CPU = Debug|Any CPU
		Release|Any CPU = Release|Any CPU
	EndGlobalSection
	GlobalSection(ProjectConfigurationPlatforms) = postSolution
		{3722272B-1024-41C4-B6F8-4DF31642DF0F}.Debug|Any CPU.ActiveCfg = Debug|Any CPU
		{3722272B-1024-41C4-B6F8-4DF31642DF0F}.Debug|Any CPU.Build.0 = Debug|Any CPU
		{3722272B-1024-41C4-B6F8-4DF31642DF0F}.Release|Any CPU.ActiveCfg = Release|Any CPU
		{3722272B-1024-41C4-B6F8-4DF31642DF0F}.Release|Any CPU.Build.0 = Release|Any CPU
		{19BD8718-4FDA-4A29-8A7E-54B17C68D7E8}.Debug|Any CPU.ActiveCfg = Debug|Any CPU
		{19BD8718-4FDA-4A29-8A7E-54B17C68D7E8}.Debug|Any CPU.Build.0 = Debug|Any CPU
		{19BD8718-4FDA-4A29-8A7E-54B17C68D7E8}.Release|Any CPU.ActiveCfg = Release|Any CPU
		{19BD8718-4FDA-4A29-8A7E-54B17C68D7E8}.Release|Any CPU.Build.0 = Release|Any CPU
		{E4443EF9-CF42-4200-92C5-5856A2FD3214}.Debug|Any CPU.ActiveCfg = Debug|Any CPU
		{E4443EF9-CF42-4200-92C5-5856A2FD3214}.Debug|Any CPU.Build.0 = Debug|Any CPU
		{E4443EF9-CF42-4200-92C5-5856A2FD3214}.Release|Any CPU.ActiveCfg = Release|Any CPU
		{E4443EF9-CF42-4200-92C5-5856A2FD3214}.Release|Any CPU.Build.0 = Release|Any CPU
		{97B5BC65-3C87-4F19-B949-AD329DDCFE2E}.Debug|Any CPU.ActiveCfg = Debug|Any CPU
		{97B5BC65-3C87-4F19-B949-AD329DDCFE2E}.Debug|Any CPU.Build.0 = Debug|Any CPU
		{97B5BC65-3C87-4F19-B949-AD329DDCFE2E}.Release|Any CPU.ActiveCfg = Release|Any CPU
		{97B5BC65-3C87-4F19-B949-AD329DDCFE2E}.Release|Any CPU.Build.0 = Release|Any CPU
		{8AFBAD86-7539-4DFD-B82D-EB35CFB73044}.Debug|Any CPU.ActiveCfg = Debug|Any CPU
		{8AFBAD86-7539-4DFD-B82D-EB35CFB73044}.Debug|Any CPU.Build.0 = Debug|Any CPU
		{8AFBAD86-7539-4DFD-B82D-EB35CFB73044}.Release|Any CPU.ActiveCfg = Release|Any CPU
		{8AFBAD86-7539-4DFD-B82D-EB35CFB73044}.Release|Any CPU.Build.0 = Release|Any CPU
		{48DBF149-C1C4-4918-8430-E68E4236F3D1}.Debug|Any CPU.ActiveCfg = Debug|Any CPU
		{48DBF149-C1C4-4918-8430-E68E4236F3D1}.Debug|Any CPU.Build.0 = Debug|Any CPU
		{48DBF149-C1C4-4918-8430-E68E4236F3D1}.Release|Any CPU.ActiveCfg = Release|Any CPU
		{48DBF149-C1C4-4918-8430-E68E4236F3D1}.Release|Any CPU.Build.0 = Release|Any CPU
		{7885431E-D838-4425-AB56-321C6909937C}.Debug|Any CPU.ActiveCfg = Debug|Any CPU
		{7885431E-D838-4425-AB56-321C6909937C}.Debug|Any CPU.Build.0 = Debug|Any CPU
		{7885431E-D838-4425-AB56-321C6909937C}.Release|Any CPU.ActiveCfg = Release|Any CPU
		{7885431E-D838-4425-AB56-321C6909937C}.Release|Any CPU.Build.0 = Release|Any CPU
		{021CBB55-EB11-4EB5-B610-37DCD8E52779}.Debug|Any CPU.ActiveCfg = Debug|Any CPU
		{021CBB55-EB11-4EB5-B610-37DCD8E52779}.Debug|Any CPU.Build.0 = Debug|Any CPU
		{021CBB55-EB11-4EB5-B610-37DCD8E52779}.Release|Any CPU.ActiveCfg = Release|Any CPU
		{021CBB55-EB11-4EB5-B610-37DCD8E52779}.Release|Any CPU.Build.0 = Release|Any CPU
		{F04376D8-2B96-4B34-8B58-503F000B0EB4}.Debug|Any CPU.ActiveCfg = Debug|Any CPU
		{F04376D8-2B96-4B34-8B58-503F000B0EB4}.Debug|Any CPU.Build.0 = Debug|Any CPU
		{F04376D8-2B96-4B34-8B58-503F000B0EB4}.Release|Any CPU.ActiveCfg = Release|Any CPU
		{F04376D8-2B96-4B34-8B58-503F000B0EB4}.Release|Any CPU.Build.0 = Release|Any CPU
		{34FE8715-CF7B-4116-BA83-392F50C965BC}.Debug|Any CPU.ActiveCfg = Debug|Any CPU
		{34FE8715-CF7B-4116-BA83-392F50C965BC}.Debug|Any CPU.Build.0 = Debug|Any CPU
		{34FE8715-CF7B-4116-BA83-392F50C965BC}.Release|Any CPU.ActiveCfg = Release|Any CPU
		{34FE8715-CF7B-4116-BA83-392F50C965BC}.Release|Any CPU.Build.0 = Release|Any CPU
	EndGlobalSection
	GlobalSection(SolutionProperties) = preSolution
		HideSolutionNode = FALSE
	EndGlobalSection
	GlobalSection(ExtensibilityGlobals) = postSolution
		SolutionGuid = {0682E932-8B73-48D8-859D-D726CC891A40}
	EndGlobalSection
EndGlobal
