
Microsoft Visual Studio Solution File, Format Version 12.00
# Visual Studio Version 17
VisualStudioVersion = 17.11.35312.102
MinimumVisualStudioVersion = 10.0.40219.1
Project("{FAE04EC0-301F-11D3-BF4B-00C04F79EFBC}") = "01.EncryptSortAndPrintArray", "01.EncryptSortAndPrintArray\01.EncryptSortAndPrintArray.csproj", "{86E8387A-2D4F-4147-AD43-DBDB1E2F502F}"
EndProject
Project("{FAE04EC0-301F-11D3-BF4B-00C04F79EFBC}") = "02.PascalTriangle", "02.PascalTriangle\02.PascalTriangle.csproj", "{B6ABA947-050B-40CF-9FD6-DB1780B7C1F7}"
EndProject
Project("{FAE04EC0-301F-11D3-BF4B-00C04F79EFBC}") = "03.RecursiveFibonacci", "03.RecursiveFibonacci\03.RecursiveFibonacci.csproj", "{DC08D7CA-2C28-4C9C-A424-9DF5D86CCEFB}"
EndProject
Project("{FAE04EC0-301F-11D3-BF4B-00C04F79EFBC}") = "04.FoldAndSum", "04.FoldAndSum\04.FoldAndSum.csproj", "{E6025A2F-D29E-42A5-BAA6-08C62DAD1BA8}"
EndProject
Project("{FAE04EC0-301F-11D3-BF4B-00C04F79EFBC}") = "05.LongestIncreasingSubsequence", "05.LongestIncreasingSubsequence\05.LongestIncreasingSubsequence.csproj", "{5D02F357-FEF0-4C6A-B3B8-2FE33CB39842}"
EndProject
Global
	GlobalSection(SolutionConfigurationPlatforms) = preSolution
		Debug|Any CPU = Debug|Any CPU
		Release|Any CPU = Release|Any CPU
	EndGlobalSection
	GlobalSection(ProjectConfigurationPlatforms) = postSolution
		{86E8387A-2D4F-4147-AD43-DBDB1E2F502F}.Debug|Any CPU.ActiveCfg = Debug|Any CPU
		{86E8387A-2D4F-4147-AD43-DBDB1E2F502F}.Debug|Any CPU.Build.0 = Debug|Any CPU
		{86E8387A-2D4F-4147-AD43-DBDB1E2F502F}.Release|Any CPU.ActiveCfg = Release|Any CPU
		{86E8387A-2D4F-4147-AD43-DBDB1E2F502F}.Release|Any CPU.Build.0 = Release|Any CPU
		{B6ABA947-050B-40CF-9FD6-DB1780B7C1F7}.Debug|Any CPU.ActiveCfg = Debug|Any CPU
		{B6ABA947-050B-40CF-9FD6-DB1780B7C1F7}.Debug|Any CPU.Build.0 = Debug|Any CPU
		{B6ABA947-050B-40CF-9FD6-DB1780B7C1F7}.Release|Any CPU.ActiveCfg = Release|Any CPU
		{B6ABA947-050B-40CF-9FD6-DB1780B7C1F7}.Release|Any CPU.Build.0 = Release|Any CPU
		{DC08D7CA-2C28-4C9C-A424-9DF5D86CCEFB}.Debug|Any CPU.ActiveCfg = Debug|Any CPU
		{DC08D7CA-2C28-4C9C-A424-9DF5D86CCEFB}.Debug|Any CPU.Build.0 = Debug|Any CPU
		{DC08D7CA-2C28-4C9C-A424-9DF5D86CCEFB}.Release|Any CPU.ActiveCfg = Release|Any CPU
		{DC08D7CA-2C28-4C9C-A424-9DF5D86CCEFB}.Release|Any CPU.Build.0 = Release|Any CPU
		{E6025A2F-D29E-42A5-BAA6-08C62DAD1BA8}.Debug|Any CPU.ActiveCfg = Debug|Any CPU
		{E6025A2F-D29E-42A5-BAA6-08C62DAD1BA8}.Debug|Any CPU.Build.0 = Debug|Any CPU
		{E6025A2F-D29E-42A5-BAA6-08C62DAD1BA8}.Release|Any CPU.ActiveCfg = Release|Any CPU
		{E6025A2F-D29E-42A5-BAA6-08C62DAD1BA8}.Release|Any CPU.Build.0 = Release|Any CPU
		{5D02F357-FEF0-4C6A-B3B8-2FE33CB39842}.Debug|Any CPU.ActiveCfg = Debug|Any CPU
		{5D02F357-FEF0-4C6A-B3B8-2FE33CB39842}.Debug|Any CPU.Build.0 = Debug|Any CPU
		{5D02F357-FEF0-4C6A-B3B8-2FE33CB39842}.Release|Any CPU.ActiveCfg = Release|Any CPU
		{5D02F357-FEF0-4C6A-B3B8-2FE33CB39842}.Release|Any CPU.Build.0 = Release|Any CPU
	EndGlobalSection
	GlobalSection(SolutionProperties) = preSolution
		HideSolutionNode = FALSE
	EndGlobalSection
	GlobalSection(ExtensibilityGlobals) = postSolution
		SolutionGuid = {5A28326D-A138-4520-BCCC-4668FD8936F5}
	EndGlobalSection
EndGlobal
