
Microsoft Visual Studio Solution File, Format Version 12.00
# Visual Studio Version 17
VisualStudioVersion = 17.14.35906.104 d17.14
MinimumVisualStudioVersion = 10.0.40219.1
Project("{FAE04EC0-301F-11D3-BF4B-00C04F79EFBC}") = "01.CompanyRoster", "01.CompanyRoster\01.CompanyRoster.csproj", "{0743E068-B589-413A-A646-7BC64C05585F}"
EndProject
Project("{FAE04EC0-301F-11D3-BF4B-00C04F79EFBC}") = "02.OldestFamilyMember", "02.OldestFamilyMember\02.OldestFamilyMember.csproj", "{123FBA5B-D73B-4AC8-A1F9-B1D556E30927}"
EndProject
Project("{FAE04EC0-301F-11D3-BF4B-00C04F79EFBC}") = "03.SpeedRacing", "03.SpeedRacing\03.SpeedRacing.csproj", "{6667D9FD-CB85-481A-BF35-F9651DFB7DF1}"
EndProject
Project("{FAE04EC0-301F-11D3-BF4B-00C04F79EFBC}") = "04.RawData", "04.RawData\04.RawData.csproj", "{7D045113-BD4A-4F65-A0BA-0837B05078B1}"
EndProject
Project("{FAE04EC0-301F-11D3-BF4B-00C04F79EFBC}") = "05.ShoppingSpree", "05.ShoppingSpree\05.ShoppingSpree.csproj", "{8CC9CCF8-2F7C-43FD-8DB8-29EF206F5189}"
EndProject
Global
	GlobalSection(SolutionConfigurationPlatforms) = preSolution
		Debug|Any CPU = Debug|Any CPU
		Release|Any CPU = Release|Any CPU
	EndGlobalSection
	GlobalSection(ProjectConfigurationPlatforms) = postSolution
		{0743E068-B589-413A-A646-7BC64C05585F}.Debug|Any CPU.ActiveCfg = Debug|Any CPU
		{0743E068-B589-413A-A646-7BC64C05585F}.Debug|Any CPU.Build.0 = Debug|Any CPU
		{0743E068-B589-413A-A646-7BC64C05585F}.Release|Any CPU.ActiveCfg = Release|Any CPU
		{0743E068-B589-413A-A646-7BC64C05585F}.Release|Any CPU.Build.0 = Release|Any CPU
		{123FBA5B-D73B-4AC8-A1F9-B1D556E30927}.Debug|Any CPU.ActiveCfg = Debug|Any CPU
		{123FBA5B-D73B-4AC8-A1F9-B1D556E30927}.Debug|Any CPU.Build.0 = Debug|Any CPU
		{123FBA5B-D73B-4AC8-A1F9-B1D556E30927}.Release|Any CPU.ActiveCfg = Release|Any CPU
		{123FBA5B-D73B-4AC8-A1F9-B1D556E30927}.Release|Any CPU.Build.0 = Release|Any CPU
		{6667D9FD-CB85-481A-BF35-F9651DFB7DF1}.Debug|Any CPU.ActiveCfg = Debug|Any CPU
		{6667D9FD-CB85-481A-BF35-F9651DFB7DF1}.Debug|Any CPU.Build.0 = Debug|Any CPU
		{6667D9FD-CB85-481A-BF35-F9651DFB7DF1}.Release|Any CPU.ActiveCfg = Release|Any CPU
		{6667D9FD-CB85-481A-BF35-F9651DFB7DF1}.Release|Any CPU.Build.0 = Release|Any CPU
		{7D045113-BD4A-4F65-A0BA-0837B05078B1}.Debug|Any CPU.ActiveCfg = Debug|Any CPU
		{7D045113-BD4A-4F65-A0BA-0837B05078B1}.Debug|Any CPU.Build.0 = Debug|Any CPU
		{7D045113-BD4A-4F65-A0BA-0837B05078B1}.Release|Any CPU.ActiveCfg = Release|Any CPU
		{7D045113-BD4A-4F65-A0BA-0837B05078B1}.Release|Any CPU.Build.0 = Release|Any CPU
		{8CC9CCF8-2F7C-43FD-8DB8-29EF206F5189}.Debug|Any CPU.ActiveCfg = Debug|Any CPU
		{8CC9CCF8-2F7C-43FD-8DB8-29EF206F5189}.Debug|Any CPU.Build.0 = Debug|Any CPU
		{8CC9CCF8-2F7C-43FD-8DB8-29EF206F5189}.Release|Any CPU.ActiveCfg = Release|Any CPU
		{8CC9CCF8-2F7C-43FD-8DB8-29EF206F5189}.Release|Any CPU.Build.0 = Release|Any CPU
	EndGlobalSection
	GlobalSection(SolutionProperties) = preSolution
		HideSolutionNode = FALSE
	EndGlobalSection
	GlobalSection(ExtensibilityGlobals) = postSolution
		SolutionGuid = {0AFA426D-B7D5-41D9-9BB0-4CCE9FAD35FE}
	EndGlobalSection
EndGlobal
