
Microsoft Visual Studio Solution File, Format Version 12.00
# Visual Studio Version 17
VisualStudioVersion = 17.14.35906.104 d17.14
MinimumVisualStudioVersion = 10.0.40219.1
Project("{FAE04EC0-301F-11D3-BF4B-00C04F79EFBC}") = "01.ExtractPersonInformation", "01.ExtractPersonInformation\01.ExtractPersonInformation.csproj", "{2D12C0D6-F755-4D32-912E-85EE7D2935BF}"
EndProject
Project("{FAE04EC0-301F-11D3-BF4B-00C04F79EFBC}") = "02.AsciiSumator", "02.AsciiSumator\02.AsciiSumator.csproj", "{0ECC6D47-6CDF-4498-ABAA-CB499DB00AB3}"
EndProject
Project("{FAE04EC0-301F-11D3-BF4B-00C04F79EFBC}") = "03.TreasureFinder", "03.TreasureFinder\03.TreasureFinder.csproj", "{3972861F-4381-449D-9640-F76174B67A3E}"
EndProject
Project("{FAE04EC0-301F-11D3-BF4B-00C04F79EFBC}") = "04.MorseCodeTranslator", "04.MorseCodeTranslator\04.MorseCodeTranslator.csproj", "{35A8ECD5-5D42-417E-BEF7-63D4D700A5E8}"
EndProject
Project("{FAE04EC0-301F-11D3-BF4B-00C04F79EFBC}") = "05.HTML", "05.HTML\05.HTML.csproj", "{0C479EA9-99BE-4C4C-A5BC-EB9471217979}"
EndProject
Global
	GlobalSection(SolutionConfigurationPlatforms) = preSolution
		Debug|Any CPU = Debug|Any CPU
		Release|Any CPU = Release|Any CPU
	EndGlobalSection
	GlobalSection(ProjectConfigurationPlatforms) = postSolution
		{2D12C0D6-F755-4D32-912E-85EE7D2935BF}.Debug|Any CPU.ActiveCfg = Debug|Any CPU
		{2D12C0D6-F755-4D32-912E-85EE7D2935BF}.Debug|Any CPU.Build.0 = Debug|Any CPU
		{2D12C0D6-F755-4D32-912E-85EE7D2935BF}.Release|Any CPU.ActiveCfg = Release|Any CPU
		{2D12C0D6-F755-4D32-912E-85EE7D2935BF}.Release|Any CPU.Build.0 = Release|Any CPU
		{0ECC6D47-6CDF-4498-ABAA-CB499DB00AB3}.Debug|Any CPU.ActiveCfg = Debug|Any CPU
		{0ECC6D47-6CDF-4498-ABAA-CB499DB00AB3}.Debug|Any CPU.Build.0 = Debug|Any CPU
		{0ECC6D47-6CDF-4498-ABAA-CB499DB00AB3}.Release|Any CPU.ActiveCfg = Release|Any CPU
		{0ECC6D47-6CDF-4498-ABAA-CB499DB00AB3}.Release|Any CPU.Build.0 = Release|Any CPU
		{3972861F-4381-449D-9640-F76174B67A3E}.Debug|Any CPU.ActiveCfg = Debug|Any CPU
		{3972861F-4381-449D-9640-F76174B67A3E}.Debug|Any CPU.Build.0 = Debug|Any CPU
		{3972861F-4381-449D-9640-F76174B67A3E}.Release|Any CPU.ActiveCfg = Release|Any CPU
		{3972861F-4381-449D-9640-F76174B67A3E}.Release|Any CPU.Build.0 = Release|Any CPU
		{35A8ECD5-5D42-417E-BEF7-63D4D700A5E8}.Debug|Any CPU.ActiveCfg = Debug|Any CPU
		{35A8ECD5-5D42-417E-BEF7-63D4D700A5E8}.Debug|Any CPU.Build.0 = Debug|Any CPU
		{35A8ECD5-5D42-417E-BEF7-63D4D700A5E8}.Release|Any CPU.ActiveCfg = Release|Any CPU
		{35A8ECD5-5D42-417E-BEF7-63D4D700A5E8}.Release|Any CPU.Build.0 = Release|Any CPU
		{0C479EA9-99BE-4C4C-A5BC-EB9471217979}.Debug|Any CPU.ActiveCfg = Debug|Any CPU
		{0C479EA9-99BE-4C4C-A5BC-EB9471217979}.Debug|Any CPU.Build.0 = Debug|Any CPU
		{0C479EA9-99BE-4C4C-A5BC-EB9471217979}.Release|Any CPU.ActiveCfg = Release|Any CPU
		{0C479EA9-99BE-4C4C-A5BC-EB9471217979}.Release|Any CPU.Build.0 = Release|Any CPU
	EndGlobalSection
	GlobalSection(SolutionProperties) = preSolution
		HideSolutionNode = FALSE
	EndGlobalSection
	GlobalSection(ExtensibilityGlobals) = postSolution
		SolutionGuid = {5A595918-D7FF-4183-B751-6963DC149809}
	EndGlobalSection
EndGlobal
