
Microsoft Visual Studio Solution File, Format Version 12.00
# Visual Studio Version 17
VisualStudioVersion = 17.9.34728.123
MinimumVisualStudioVersion = 10.0.40219.1
Project("{9A19103F-16F7-4668-BE54-9A1E7A4F7556}") = "01.TrainingLab", "2.2.SimpleCalculations-ExamProblems\01.TrainingLab.csproj", "{F1784EC9-05B3-4076-8F41-7B47E8CA6442}"
EndProject
Project("{9A19103F-16F7-4668-BE54-9A1E7A4F7556}") = "02.VegetableMarket", "02.VegetableMarket\02.VegetableMarket.csproj", "{1362D116-397C-438E-B3C8-E6591DACEC29}"
EndProject
Project("{9A19103F-16F7-4668-BE54-9A1E7A4F7556}") = "03.ChangeTiles", "03.ChangeTiles\03.ChangeTiles.csproj", "{09E38501-8505-4104-A1C9-4129407D7FB6}"
EndProject
Project("{9A19103F-16F7-4668-BE54-9A1E7A4F7556}") = "04.Money", "04.Money\04.Money.csproj", "{90D4B4EE-0B7C-4988-9BC7-153F11CC406A}"
EndProject
Project("{9A19103F-16F7-4668-BE54-9A1E7A4F7556}") = "05.DailyEarnings", "05.DailyEarnings\05.DailyEarnings.csproj", "{AC0F10F4-5B50-4E01-934D-01CBC2AFDE75}"
EndProject
Project("{9A19103F-16F7-4668-BE54-9A1E7A4F7556}") = "07.SumSeconds", "07.SumSeconds\07.SumSeconds.csproj", "{9D2B389A-9E5A-4746-9EC6-232DECAC37B6}"
EndProject
Project("{9A19103F-16F7-4668-BE54-9A1E7A4F7556}") = "09.TomCat", "demo\09.TomCat.csproj", "{4BD576CE-8DB4-4101-B47E-3E8A7E1CAF64}"
EndProject
Project("{9A19103F-16F7-4668-BE54-9A1E7A4F7556}") = "08.SwimmingPool", "08.SwimmingPool\08.SwimmingPool.csproj", "{E5EE34AE-850D-4C5E-B537-40CAA8AC8520}"
EndProject
Project("{9A19103F-16F7-4668-BE54-9A1E7A4F7556}") = "10.Wine", "10.Vine\10.Wine.csproj", "{5FFBC6F2-CD52-4999-A432-593D041900C0}"
EndProject
Project("{9A19103F-16F7-4668-BE54-9A1E7A4F7556}") = "11.WorkDay", "11.WorkDay\11.WorkDay.csproj", "{A821A233-B535-4ECA-BE70-B16B5931EFF2}"
EndProject
Project("{9A19103F-16F7-4668-BE54-9A1E7A4F7556}") = "13.PointRectangle", "13.PointRectangle\13.PointRectangle.csproj", "{9DC28A8E-E7C3-45A5-8D5A-FCFD0C6325E4}"
EndProject
Project("{9A19103F-16F7-4668-BE54-9A1E7A4F7556}") = "14.Cinema", "14.Cinema\14.Cinema.csproj", "{CE878063-F027-426C-B2DF-008BFF94C121}"
EndProject
Project("{9A19103F-16F7-4668-BE54-9A1E7A4F7556}") = "15.Point", "15.Point\15.Point.csproj", "{A4769A03-574A-4CE0-9CA4-65BBF14152E7}"
EndProject
Project("{9A19103F-16F7-4668-BE54-9A1E7A4F7556}") = "15.Vacation", "15.Vacation\15.Vacation.csproj", "{E77454EC-32CB-481B-894E-2953221C73EB}"
EndProject
Project("{9A19103F-16F7-4668-BE54-9A1E7A4F7556}") = "16.Oper", "16.OperationBetweenNum\16.Oper.csproj", "{3644216B-0655-44B2-A333-8E8B4AE20B2A}"
EndProject
Project("{9A19103F-16F7-4668-BE54-9A1E7A4F7556}") = "16.Tickets", "16.Tickets\16.Tickets.csproj", "{B029E250-D927-4456-9772-4025FBD58B02}"
EndProject
Project("{9A19103F-16F7-4668-BE54-9A1E7A4F7556}") = "17.HotelRoom", "17.HotelRoom\17.HotelRoom.csproj", "{7553B8C7-0DC0-46BE-A6A8-A6A600818AA7}"
EndProject
Project("{9A19103F-16F7-4668-BE54-9A1E7A4F7556}") = "2.01Loop-Num", "02.01Loop-Num\2.01Loop-Num.csproj", "{9B775809-3DA0-4A92-A092-9013E638FEE2}"
EndProject
Project("{9A19103F-16F7-4668-BE54-9A1E7A4F7556}") = "2.02Difference", "2.02Difference\2.02Difference.csproj", "{F8F7F56A-5EAA-4770-A5AF-CF6B6D942269}"
EndProject
Project("{9A19103F-16F7-4668-BE54-9A1E7A4F7556}") = "2.03.Text", "2.03.Text\2.03.Text.csproj", "{F218FCEC-5E42-448F-8AA3-70DDE0614AAE}"
EndProject
Project("{9A19103F-16F7-4668-BE54-9A1E7A4F7556}") = "2.03.SumNum", "2.03.SumNum\2.03.SumNum.csproj", "{E98B47E6-AFB3-40FC-99BF-185108E95592}"
EndProject
Project("{9A19103F-16F7-4668-BE54-9A1E7A4F7556}") = "2.05.EvenOrOdd", "2.05.EvenOrOdd\2.05.EvenOrOdd.csproj", "{5D017778-6DD3-4C8E-80EC-46950F7B2140}"
EndProject
Project("{9A19103F-16F7-4668-BE54-9A1E7A4F7556}") = "2.6.Couples", "2.6.Couples\2.6.Couples.csproj", "{0BA83001-6AFE-4DC9-A311-37E0CE7D583B}"
EndProject
Project("{9A19103F-16F7-4668-BE54-9A1E7A4F7556}") = "3.1Histograma", "3.1Histograma\3.1Histograma.csproj", "{0842E2F8-79AA-4898-9E9C-B93C42779195}"
EndProject
Project("{9A19103F-16F7-4668-BE54-9A1E7A4F7556}") = "3.2.SmartLily", "3.2.SmartLily\3.2.SmartLily.csproj", "{E7928DF6-D880-427C-835F-13A10EFE86F6}"
EndProject
Project("{9A19103F-16F7-4668-BE54-9A1E7A4F7556}") = "3.3.TimeMachine", "3.3.TimeMachine\3.3.TimeMachine.csproj", "{4A7AD1D7-0B0E-4678-8AEE-84E8E6B81A29}"
EndProject
Project("{9A19103F-16F7-4668-BE54-9A1E7A4F7556}") = "3.4.Hopital", "3.4.Hopital\3.4.Hopital.csproj", "{7C654189-06D8-4D2D-AB5E-BFB80F98D4BA}"
EndProject
Project("{9A19103F-16F7-4668-BE54-9A1E7A4F7556}") = "3.5.Split", "3.5.Split\3.5.Split.csproj", "{FCF9F0DB-2A27-486C-837E-6AF3DF5F0A3E}"
EndProject
Project("{9A19103F-16F7-4668-BE54-9A1E7A4F7556}") = "3.6.Logistic", "3.6.Logistic\3.6.Logistic.csproj", "{155632B0-79A9-4E05-AC9E-54B3F7EA2004}"
EndProject
Project("{9A19103F-16F7-4668-BE54-9A1E7A4F7556}") = "3.6.FIgure", "3.6.FIgure\3.6.FIgure.csproj", "{4130471B-4AF6-4B3B-B25B-8382E1DD080C}"
EndProject
Project("{9A19103F-16F7-4668-BE54-9A1E7A4F7556}") = "3.7.Triangle", "3.7.Triangle\3.7.Triangle.csproj", "{5056205B-0F3F-456A-96A8-9B06FECD8227}"
EndProject
Project("{9A19103F-16F7-4668-BE54-9A1E7A4F7556}") = "3.8.Figure", "3.8.Figure\3.8.Figure.csproj", "{3A158F7A-CDDB-4C40-99BD-21B87C6DD6E1}"
EndProject
Project("{9A19103F-16F7-4668-BE54-9A1E7A4F7556}") = "3.9.Square Frame", "3.9.Square Frame\3.9.Square Frame.csproj", "{3F3F668A-FD85-4D67-8A30-C56DE75FF9FF}"
EndProject
Project("{9A19103F-16F7-4668-BE54-9A1E7A4F7556}") = "3.10.ChristmasTree", "3.10.ChristmasTree\3.10.ChristmasTree.csproj", "{270A34CE-D245-4B41-B2BF-D26BB56A264D}"
EndProject
Project("{9A19103F-16F7-4668-BE54-9A1E7A4F7556}") = "3.11.Sunglasses", "3.11.Sunglasses\3.11.Sunglasses.csproj", "{44274CF8-3AD2-4190-9798-AD16326F3C6E}"
EndProject
Project("{9A19103F-16F7-4668-BE54-9A1E7A4F7556}") = "4.1.MalkoObshtoKratno", "0.0.demo\4.1.MalkoObshtoKratno.csproj", "{3AC0975A-1425-483A-BC11-84D60212ABA6}"
EndProject
Project("{9A19103F-16F7-4668-BE54-9A1E7A4F7556}") = "4.2.Factoriel", "4.2.Factoriel\4.2.Factoriel.csproj", "{D18E4A80-908B-41B8-B3C9-F61FE8854D64}"
EndProject
Project("{9A19103F-16F7-4668-BE54-9A1E7A4F7556}") = "4.3.SumDigits", "4.3.SumDigits\4.3.SumDigits.csproj", "{789A21FE-AF53-42B5-B7A3-8AC2B2E4CB9E}"
EndProject
Project("{9A19103F-16F7-4668-BE54-9A1E7A4F7556}") = "4.4.CheckPrime", "4.4.CheckPrime\4.4.CheckPrime.csproj", "{419DC991-4303-494B-A14E-E870EA97697C}"
EndProject
Project("{9A19103F-16F7-4668-BE54-9A1E7A4F7556}") = "4.5.Fibonachi", "4.5.Fibonachi\4.5.Fibonachi.csproj", "{3C3021C6-B92C-4454-A3DE-69BE30137682}"
EndProject
Project("{9A19103F-16F7-4668-BE54-9A1E7A4F7556}") = "4.6.PiramidOfMun", "4.6.PiramidOfMun\4.6.PiramidOfMun.csproj", "{95AA4DF0-D495-448E-915D-DBAF30378500}"
EndProject
Project("{9A19103F-16F7-4668-BE54-9A1E7A4F7556}") = "4.7.NumberTable", "4.7.NumberTable\4.7.NumberTable.csproj", "{E52E7EA1-F66B-450A-852B-8D66F778B0DC}"
EndProject
Project("{9A19103F-16F7-4668-BE54-9A1E7A4F7556}") = "7.2.GeneratorPasswords", "7.2.GeneratorPasswords\7.2.GeneratorPasswords.csproj", "{0A85AD3F-8859-4ACF-BA3D-0A7E81405C88}"
EndProject
Project("{FAE04EC0-301F-11D3-BF4B-00C04F79EFBC}") = "7.3.MagicNumber", "07.3.MagicNumber\7.3.MagicNumber.csproj", "{E49B71AB-5E01-40B7-AD9D-5FC8C17EBD79}"
EndProject
Project("{FAE04EC0-301F-11D3-BF4B-00C04F79EFBC}") = "7.4.StopNumber", "7.4.StopNumber\7.4.StopNumber.csproj", "{0CC32FED-20EC-4A77-81BF-B36141C55AD6}"
EndProject
Project("{FAE04EC0-301F-11D3-BF4B-00C04F79EFBC}") = "7.5.SpecialNumbers", "7.5.SpecialNumbers\7.5.SpecialNumbers.csproj", "{4BB3237E-E915-47A5-94D4-7E22D2610C9E}"
EndProject
Project("{FAE04EC0-301F-11D3-BF4B-00C04F79EFBC}") = "7.6.Numbers", "7.6.Numbers\7.6.Numbers.csproj", "{7722130A-A8B9-4479-BE92-C8B7E40B7246}"
EndProject
Project("{FAE04EC0-301F-11D3-BF4B-00C04F79EFBC}") = "8.1.Triangle", "8.1.Triangle\8.1.Triangle.csproj", "{956BC870-1B53-4AD9-991B-413B895DB23D}"
EndProject
Global
	GlobalSection(SolutionConfigurationPlatforms) = preSolution
		Debug|Any CPU = Debug|Any CPU
		Release|Any CPU = Release|Any CPU
	EndGlobalSection
	GlobalSection(ProjectConfigurationPlatforms) = postSolution
		{F1784EC9-05B3-4076-8F41-7B47E8CA6442}.Debug|Any CPU.ActiveCfg = Debug|Any CPU
		{F1784EC9-05B3-4076-8F41-7B47E8CA6442}.Debug|Any CPU.Build.0 = Debug|Any CPU
		{F1784EC9-05B3-4076-8F41-7B47E8CA6442}.Release|Any CPU.ActiveCfg = Release|Any CPU
		{F1784EC9-05B3-4076-8F41-7B47E8CA6442}.Release|Any CPU.Build.0 = Release|Any CPU
		{1362D116-397C-438E-B3C8-E6591DACEC29}.Debug|Any CPU.ActiveCfg = Debug|Any CPU
		{1362D116-397C-438E-B3C8-E6591DACEC29}.Debug|Any CPU.Build.0 = Debug|Any CPU
		{1362D116-397C-438E-B3C8-E6591DACEC29}.Release|Any CPU.ActiveCfg = Release|Any CPU
		{1362D116-397C-438E-B3C8-E6591DACEC29}.Release|Any CPU.Build.0 = Release|Any CPU
		{09E38501-8505-4104-A1C9-4129407D7FB6}.Debug|Any CPU.ActiveCfg = Debug|Any CPU
		{09E38501-8505-4104-A1C9-4129407D7FB6}.Debug|Any CPU.Build.0 = Debug|Any CPU
		{09E38501-8505-4104-A1C9-4129407D7FB6}.Release|Any CPU.ActiveCfg = Release|Any CPU
		{09E38501-8505-4104-A1C9-4129407D7FB6}.Release|Any CPU.Build.0 = Release|Any CPU
		{90D4B4EE-0B7C-4988-9BC7-153F11CC406A}.Debug|Any CPU.ActiveCfg = Debug|Any CPU
		{90D4B4EE-0B7C-4988-9BC7-153F11CC406A}.Debug|Any CPU.Build.0 = Debug|Any CPU
		{90D4B4EE-0B7C-4988-9BC7-153F11CC406A}.Release|Any CPU.ActiveCfg = Release|Any CPU
		{90D4B4EE-0B7C-4988-9BC7-153F11CC406A}.Release|Any CPU.Build.0 = Release|Any CPU
		{AC0F10F4-5B50-4E01-934D-01CBC2AFDE75}.Debug|Any CPU.ActiveCfg = Debug|Any CPU
		{AC0F10F4-5B50-4E01-934D-01CBC2AFDE75}.Debug|Any CPU.Build.0 = Debug|Any CPU
		{AC0F10F4-5B50-4E01-934D-01CBC2AFDE75}.Release|Any CPU.ActiveCfg = Release|Any CPU
		{AC0F10F4-5B50-4E01-934D-01CBC2AFDE75}.Release|Any CPU.Build.0 = Release|Any CPU
		{9D2B389A-9E5A-4746-9EC6-232DECAC37B6}.Debug|Any CPU.ActiveCfg = Debug|Any CPU
		{9D2B389A-9E5A-4746-9EC6-232DECAC37B6}.Debug|Any CPU.Build.0 = Debug|Any CPU
		{9D2B389A-9E5A-4746-9EC6-232DECAC37B6}.Release|Any CPU.ActiveCfg = Release|Any CPU
		{9D2B389A-9E5A-4746-9EC6-232DECAC37B6}.Release|Any CPU.Build.0 = Release|Any CPU
		{4BD576CE-8DB4-4101-B47E-3E8A7E1CAF64}.Debug|Any CPU.ActiveCfg = Debug|Any CPU
		{4BD576CE-8DB4-4101-B47E-3E8A7E1CAF64}.Debug|Any CPU.Build.0 = Debug|Any CPU
		{4BD576CE-8DB4-4101-B47E-3E8A7E1CAF64}.Release|Any CPU.ActiveCfg = Release|Any CPU
		{4BD576CE-8DB4-4101-B47E-3E8A7E1CAF64}.Release|Any CPU.Build.0 = Release|Any CPU
		{E5EE34AE-850D-4C5E-B537-40CAA8AC8520}.Debug|Any CPU.ActiveCfg = Debug|Any CPU
		{E5EE34AE-850D-4C5E-B537-40CAA8AC8520}.Debug|Any CPU.Build.0 = Debug|Any CPU
		{E5EE34AE-850D-4C5E-B537-40CAA8AC8520}.Release|Any CPU.ActiveCfg = Release|Any CPU
		{E5EE34AE-850D-4C5E-B537-40CAA8AC8520}.Release|Any CPU.Build.0 = Release|Any CPU
		{5FFBC6F2-CD52-4999-A432-593D041900C0}.Debug|Any CPU.ActiveCfg = Debug|Any CPU
		{5FFBC6F2-CD52-4999-A432-593D041900C0}.Debug|Any CPU.Build.0 = Debug|Any CPU
		{5FFBC6F2-CD52-4999-A432-593D041900C0}.Release|Any CPU.ActiveCfg = Release|Any CPU
		{5FFBC6F2-CD52-4999-A432-593D041900C0}.Release|Any CPU.Build.0 = Release|Any CPU
		{A821A233-B535-4ECA-BE70-B16B5931EFF2}.Debug|Any CPU.ActiveCfg = Debug|Any CPU
		{A821A233-B535-4ECA-BE70-B16B5931EFF2}.Debug|Any CPU.Build.0 = Debug|Any CPU
		{A821A233-B535-4ECA-BE70-B16B5931EFF2}.Release|Any CPU.ActiveCfg = Release|Any CPU
		{A821A233-B535-4ECA-BE70-B16B5931EFF2}.Release|Any CPU.Build.0 = Release|Any CPU
		{9DC28A8E-E7C3-45A5-8D5A-FCFD0C6325E4}.Debug|Any CPU.ActiveCfg = Debug|Any CPU
		{9DC28A8E-E7C3-45A5-8D5A-FCFD0C6325E4}.Debug|Any CPU.Build.0 = Debug|Any CPU
		{9DC28A8E-E7C3-45A5-8D5A-FCFD0C6325E4}.Release|Any CPU.ActiveCfg = Release|Any CPU
		{9DC28A8E-E7C3-45A5-8D5A-FCFD0C6325E4}.Release|Any CPU.Build.0 = Release|Any CPU
		{CE878063-F027-426C-B2DF-008BFF94C121}.Debug|Any CPU.ActiveCfg = Debug|Any CPU
		{CE878063-F027-426C-B2DF-008BFF94C121}.Debug|Any CPU.Build.0 = Debug|Any CPU
		{CE878063-F027-426C-B2DF-008BFF94C121}.Release|Any CPU.ActiveCfg = Release|Any CPU
		{CE878063-F027-426C-B2DF-008BFF94C121}.Release|Any CPU.Build.0 = Release|Any CPU
		{A4769A03-574A-4CE0-9CA4-65BBF14152E7}.Debug|Any CPU.ActiveCfg = Debug|Any CPU
		{A4769A03-574A-4CE0-9CA4-65BBF14152E7}.Debug|Any CPU.Build.0 = Debug|Any CPU
		{A4769A03-574A-4CE0-9CA4-65BBF14152E7}.Release|Any CPU.ActiveCfg = Release|Any CPU
		{A4769A03-574A-4CE0-9CA4-65BBF14152E7}.Release|Any CPU.Build.0 = Release|Any CPU
		{E77454EC-32CB-481B-894E-2953221C73EB}.Debug|Any CPU.ActiveCfg = Debug|Any CPU
		{E77454EC-32CB-481B-894E-2953221C73EB}.Debug|Any CPU.Build.0 = Debug|Any CPU
		{E77454EC-32CB-481B-894E-2953221C73EB}.Release|Any CPU.ActiveCfg = Release|Any CPU
		{E77454EC-32CB-481B-894E-2953221C73EB}.Release|Any CPU.Build.0 = Release|Any CPU
		{3644216B-0655-44B2-A333-8E8B4AE20B2A}.Debug|Any CPU.ActiveCfg = Debug|Any CPU
		{3644216B-0655-44B2-A333-8E8B4AE20B2A}.Debug|Any CPU.Build.0 = Debug|Any CPU
		{3644216B-0655-44B2-A333-8E8B4AE20B2A}.Release|Any CPU.ActiveCfg = Release|Any CPU
		{3644216B-0655-44B2-A333-8E8B4AE20B2A}.Release|Any CPU.Build.0 = Release|Any CPU
		{B029E250-D927-4456-9772-4025FBD58B02}.Debug|Any CPU.ActiveCfg = Debug|Any CPU
		{B029E250-D927-4456-9772-4025FBD58B02}.Debug|Any CPU.Build.0 = Debug|Any CPU
		{B029E250-D927-4456-9772-4025FBD58B02}.Release|Any CPU.ActiveCfg = Release|Any CPU
		{B029E250-D927-4456-9772-4025FBD58B02}.Release|Any CPU.Build.0 = Release|Any CPU
		{7553B8C7-0DC0-46BE-A6A8-A6A600818AA7}.Debug|Any CPU.ActiveCfg = Debug|Any CPU
		{7553B8C7-0DC0-46BE-A6A8-A6A600818AA7}.Debug|Any CPU.Build.0 = Debug|Any CPU
		{7553B8C7-0DC0-46BE-A6A8-A6A600818AA7}.Release|Any CPU.ActiveCfg = Release|Any CPU
		{7553B8C7-0DC0-46BE-A6A8-A6A600818AA7}.Release|Any CPU.Build.0 = Release|Any CPU
		{9B775809-3DA0-4A92-A092-9013E638FEE2}.Debug|Any CPU.ActiveCfg = Debug|Any CPU
		{9B775809-3DA0-4A92-A092-9013E638FEE2}.Debug|Any CPU.Build.0 = Debug|Any CPU
		{9B775809-3DA0-4A92-A092-9013E638FEE2}.Release|Any CPU.ActiveCfg = Release|Any CPU
		{9B775809-3DA0-4A92-A092-9013E638FEE2}.Release|Any CPU.Build.0 = Release|Any CPU
		{F8F7F56A-5EAA-4770-A5AF-CF6B6D942269}.Debug|Any CPU.ActiveCfg = Debug|Any CPU
		{F8F7F56A-5EAA-4770-A5AF-CF6B6D942269}.Debug|Any CPU.Build.0 = Debug|Any CPU
		{F8F7F56A-5EAA-4770-A5AF-CF6B6D942269}.Release|Any CPU.ActiveCfg = Release|Any CPU
		{F8F7F56A-5EAA-4770-A5AF-CF6B6D942269}.Release|Any CPU.Build.0 = Release|Any CPU
		{F218FCEC-5E42-448F-8AA3-70DDE0614AAE}.Debug|Any CPU.ActiveCfg = Debug|Any CPU
		{F218FCEC-5E42-448F-8AA3-70DDE0614AAE}.Debug|Any CPU.Build.0 = Debug|Any CPU
		{F218FCEC-5E42-448F-8AA3-70DDE0614AAE}.Release|Any CPU.ActiveCfg = Release|Any CPU
		{F218FCEC-5E42-448F-8AA3-70DDE0614AAE}.Release|Any CPU.Build.0 = Release|Any CPU
		{E98B47E6-AFB3-40FC-99BF-185108E95592}.Debug|Any CPU.ActiveCfg = Debug|Any CPU
		{E98B47E6-AFB3-40FC-99BF-185108E95592}.Debug|Any CPU.Build.0 = Debug|Any CPU
		{E98B47E6-AFB3-40FC-99BF-185108E95592}.Release|Any CPU.ActiveCfg = Release|Any CPU
		{E98B47E6-AFB3-40FC-99BF-185108E95592}.Release|Any CPU.Build.0 = Release|Any CPU
		{5D017778-6DD3-4C8E-80EC-46950F7B2140}.Debug|Any CPU.ActiveCfg = Debug|Any CPU
		{5D017778-6DD3-4C8E-80EC-46950F7B2140}.Debug|Any CPU.Build.0 = Debug|Any CPU
		{5D017778-6DD3-4C8E-80EC-46950F7B2140}.Release|Any CPU.ActiveCfg = Release|Any CPU
		{5D017778-6DD3-4C8E-80EC-46950F7B2140}.Release|Any CPU.Build.0 = Release|Any CPU
		{0BA83001-6AFE-4DC9-A311-37E0CE7D583B}.Debug|Any CPU.ActiveCfg = Debug|Any CPU
		{0BA83001-6AFE-4DC9-A311-37E0CE7D583B}.Debug|Any CPU.Build.0 = Debug|Any CPU
		{0BA83001-6AFE-4DC9-A311-37E0CE7D583B}.Release|Any CPU.ActiveCfg = Release|Any CPU
		{0BA83001-6AFE-4DC9-A311-37E0CE7D583B}.Release|Any CPU.Build.0 = Release|Any CPU
		{0842E2F8-79AA-4898-9E9C-B93C42779195}.Debug|Any CPU.ActiveCfg = Debug|Any CPU
		{0842E2F8-79AA-4898-9E9C-B93C42779195}.Debug|Any CPU.Build.0 = Debug|Any CPU
		{0842E2F8-79AA-4898-9E9C-B93C42779195}.Release|Any CPU.ActiveCfg = Release|Any CPU
		{0842E2F8-79AA-4898-9E9C-B93C42779195}.Release|Any CPU.Build.0 = Release|Any CPU
		{E7928DF6-D880-427C-835F-13A10EFE86F6}.Debug|Any CPU.ActiveCfg = Debug|Any CPU
		{E7928DF6-D880-427C-835F-13A10EFE86F6}.Debug|Any CPU.Build.0 = Debug|Any CPU
		{E7928DF6-D880-427C-835F-13A10EFE86F6}.Release|Any CPU.ActiveCfg = Release|Any CPU
		{E7928DF6-D880-427C-835F-13A10EFE86F6}.Release|Any CPU.Build.0 = Release|Any CPU
		{4A7AD1D7-0B0E-4678-8AEE-84E8E6B81A29}.Debug|Any CPU.ActiveCfg = Debug|Any CPU
		{4A7AD1D7-0B0E-4678-8AEE-84E8E6B81A29}.Debug|Any CPU.Build.0 = Debug|Any CPU
		{4A7AD1D7-0B0E-4678-8AEE-84E8E6B81A29}.Release|Any CPU.ActiveCfg = Release|Any CPU
		{4A7AD1D7-0B0E-4678-8AEE-84E8E6B81A29}.Release|Any CPU.Build.0 = Release|Any CPU
		{7C654189-06D8-4D2D-AB5E-BFB80F98D4BA}.Debug|Any CPU.ActiveCfg = Debug|Any CPU
		{7C654189-06D8-4D2D-AB5E-BFB80F98D4BA}.Debug|Any CPU.Build.0 = Debug|Any CPU
		{7C654189-06D8-4D2D-AB5E-BFB80F98D4BA}.Release|Any CPU.ActiveCfg = Release|Any CPU
		{7C654189-06D8-4D2D-AB5E-BFB80F98D4BA}.Release|Any CPU.Build.0 = Release|Any CPU
		{FCF9F0DB-2A27-486C-837E-6AF3DF5F0A3E}.Debug|Any CPU.ActiveCfg = Debug|Any CPU
		{FCF9F0DB-2A27-486C-837E-6AF3DF5F0A3E}.Debug|Any CPU.Build.0 = Debug|Any CPU
		{FCF9F0DB-2A27-486C-837E-6AF3DF5F0A3E}.Release|Any CPU.ActiveCfg = Release|Any CPU
		{FCF9F0DB-2A27-486C-837E-6AF3DF5F0A3E}.Release|Any CPU.Build.0 = Release|Any CPU
		{155632B0-79A9-4E05-AC9E-54B3F7EA2004}.Debug|Any CPU.ActiveCfg = Debug|Any CPU
		{155632B0-79A9-4E05-AC9E-54B3F7EA2004}.Debug|Any CPU.Build.0 = Debug|Any CPU
		{155632B0-79A9-4E05-AC9E-54B3F7EA2004}.Release|Any CPU.ActiveCfg = Release|Any CPU
		{155632B0-79A9-4E05-AC9E-54B3F7EA2004}.Release|Any CPU.Build.0 = Release|Any CPU
		{4130471B-4AF6-4B3B-B25B-8382E1DD080C}.Debug|Any CPU.ActiveCfg = Debug|Any CPU
		{4130471B-4AF6-4B3B-B25B-8382E1DD080C}.Debug|Any CPU.Build.0 = Debug|Any CPU
		{4130471B-4AF6-4B3B-B25B-8382E1DD080C}.Release|Any CPU.ActiveCfg = Release|Any CPU
		{4130471B-4AF6-4B3B-B25B-8382E1DD080C}.Release|Any CPU.Build.0 = Release|Any CPU
		{5056205B-0F3F-456A-96A8-9B06FECD8227}.Debug|Any CPU.ActiveCfg = Debug|Any CPU
		{5056205B-0F3F-456A-96A8-9B06FECD8227}.Debug|Any CPU.Build.0 = Debug|Any CPU
		{5056205B-0F3F-456A-96A8-9B06FECD8227}.Release|Any CPU.ActiveCfg = Release|Any CPU
		{5056205B-0F3F-456A-96A8-9B06FECD8227}.Release|Any CPU.Build.0 = Release|Any CPU
		{3A158F7A-CDDB-4C40-99BD-21B87C6DD6E1}.Debug|Any CPU.ActiveCfg = Debug|Any CPU
		{3A158F7A-CDDB-4C40-99BD-21B87C6DD6E1}.Debug|Any CPU.Build.0 = Debug|Any CPU
		{3A158F7A-CDDB-4C40-99BD-21B87C6DD6E1}.Release|Any CPU.ActiveCfg = Release|Any CPU
		{3A158F7A-CDDB-4C40-99BD-21B87C6DD6E1}.Release|Any CPU.Build.0 = Release|Any CPU
		{3F3F668A-FD85-4D67-8A30-C56DE75FF9FF}.Debug|Any CPU.ActiveCfg = Debug|Any CPU
		{3F3F668A-FD85-4D67-8A30-C56DE75FF9FF}.Debug|Any CPU.Build.0 = Debug|Any CPU
		{3F3F668A-FD85-4D67-8A30-C56DE75FF9FF}.Release|Any CPU.ActiveCfg = Release|Any CPU
		{3F3F668A-FD85-4D67-8A30-C56DE75FF9FF}.Release|Any CPU.Build.0 = Release|Any CPU
		{270A34CE-D245-4B41-B2BF-D26BB56A264D}.Debug|Any CPU.ActiveCfg = Debug|Any CPU
		{270A34CE-D245-4B41-B2BF-D26BB56A264D}.Debug|Any CPU.Build.0 = Debug|Any CPU
		{270A34CE-D245-4B41-B2BF-D26BB56A264D}.Release|Any CPU.ActiveCfg = Release|Any CPU
		{270A34CE-D245-4B41-B2BF-D26BB56A264D}.Release|Any CPU.Build.0 = Release|Any CPU
		{44274CF8-3AD2-4190-9798-AD16326F3C6E}.Debug|Any CPU.ActiveCfg = Debug|Any CPU
		{44274CF8-3AD2-4190-9798-AD16326F3C6E}.Debug|Any CPU.Build.0 = Debug|Any CPU
		{44274CF8-3AD2-4190-9798-AD16326F3C6E}.Release|Any CPU.ActiveCfg = Release|Any CPU
		{44274CF8-3AD2-4190-9798-AD16326F3C6E}.Release|Any CPU.Build.0 = Release|Any CPU
		{3AC0975A-1425-483A-BC11-84D60212ABA6}.Debug|Any CPU.ActiveCfg = Debug|Any CPU
		{3AC0975A-1425-483A-BC11-84D60212ABA6}.Debug|Any CPU.Build.0 = Debug|Any CPU
		{3AC0975A-1425-483A-BC11-84D60212ABA6}.Release|Any CPU.ActiveCfg = Release|Any CPU
		{3AC0975A-1425-483A-BC11-84D60212ABA6}.Release|Any CPU.Build.0 = Release|Any CPU
		{D18E4A80-908B-41B8-B3C9-F61FE8854D64}.Debug|Any CPU.ActiveCfg = Debug|Any CPU
		{D18E4A80-908B-41B8-B3C9-F61FE8854D64}.Debug|Any CPU.Build.0 = Debug|Any CPU
		{D18E4A80-908B-41B8-B3C9-F61FE8854D64}.Release|Any CPU.ActiveCfg = Release|Any CPU
		{D18E4A80-908B-41B8-B3C9-F61FE8854D64}.Release|Any CPU.Build.0 = Release|Any CPU
		{789A21FE-AF53-42B5-B7A3-8AC2B2E4CB9E}.Debug|Any CPU.ActiveCfg = Debug|Any CPU
		{789A21FE-AF53-42B5-B7A3-8AC2B2E4CB9E}.Debug|Any CPU.Build.0 = Debug|Any CPU
		{789A21FE-AF53-42B5-B7A3-8AC2B2E4CB9E}.Release|Any CPU.ActiveCfg = Release|Any CPU
		{789A21FE-AF53-42B5-B7A3-8AC2B2E4CB9E}.Release|Any CPU.Build.0 = Release|Any CPU
		{419DC991-4303-494B-A14E-E870EA97697C}.Debug|Any CPU.ActiveCfg = Debug|Any CPU
		{419DC991-4303-494B-A14E-E870EA97697C}.Debug|Any CPU.Build.0 = Debug|Any CPU
		{419DC991-4303-494B-A14E-E870EA97697C}.Release|Any CPU.ActiveCfg = Release|Any CPU
		{419DC991-4303-494B-A14E-E870EA97697C}.Release|Any CPU.Build.0 = Release|Any CPU
		{3C3021C6-B92C-4454-A3DE-69BE30137682}.Debug|Any CPU.ActiveCfg = Debug|Any CPU
		{3C3021C6-B92C-4454-A3DE-69BE30137682}.Debug|Any CPU.Build.0 = Debug|Any CPU
		{3C3021C6-B92C-4454-A3DE-69BE30137682}.Release|Any CPU.ActiveCfg = Release|Any CPU
		{3C3021C6-B92C-4454-A3DE-69BE30137682}.Release|Any CPU.Build.0 = Release|Any CPU
		{95AA4DF0-D495-448E-915D-DBAF30378500}.Debug|Any CPU.ActiveCfg = Debug|Any CPU
		{95AA4DF0-D495-448E-915D-DBAF30378500}.Debug|Any CPU.Build.0 = Debug|Any CPU
		{95AA4DF0-D495-448E-915D-DBAF30378500}.Release|Any CPU.ActiveCfg = Release|Any CPU
		{95AA4DF0-D495-448E-915D-DBAF30378500}.Release|Any CPU.Build.0 = Release|Any CPU
		{E52E7EA1-F66B-450A-852B-8D66F778B0DC}.Debug|Any CPU.ActiveCfg = Debug|Any CPU
		{E52E7EA1-F66B-450A-852B-8D66F778B0DC}.Debug|Any CPU.Build.0 = Debug|Any CPU
		{E52E7EA1-F66B-450A-852B-8D66F778B0DC}.Release|Any CPU.ActiveCfg = Release|Any CPU
		{E52E7EA1-F66B-450A-852B-8D66F778B0DC}.Release|Any CPU.Build.0 = Release|Any CPU
		{0A85AD3F-8859-4ACF-BA3D-0A7E81405C88}.Debug|Any CPU.ActiveCfg = Debug|Any CPU
		{0A85AD3F-8859-4ACF-BA3D-0A7E81405C88}.Debug|Any CPU.Build.0 = Debug|Any CPU
		{0A85AD3F-8859-4ACF-BA3D-0A7E81405C88}.Release|Any CPU.ActiveCfg = Release|Any CPU
		{0A85AD3F-8859-4ACF-BA3D-0A7E81405C88}.Release|Any CPU.Build.0 = Release|Any CPU
		{E49B71AB-5E01-40B7-AD9D-5FC8C17EBD79}.Debug|Any CPU.ActiveCfg = Debug|Any CPU
		{E49B71AB-5E01-40B7-AD9D-5FC8C17EBD79}.Debug|Any CPU.Build.0 = Debug|Any CPU
		{E49B71AB-5E01-40B7-AD9D-5FC8C17EBD79}.Release|Any CPU.ActiveCfg = Release|Any CPU
		{E49B71AB-5E01-40B7-AD9D-5FC8C17EBD79}.Release|Any CPU.Build.0 = Release|Any CPU
		{0CC32FED-20EC-4A77-81BF-B36141C55AD6}.Debug|Any CPU.ActiveCfg = Debug|Any CPU
		{0CC32FED-20EC-4A77-81BF-B36141C55AD6}.Debug|Any CPU.Build.0 = Debug|Any CPU
		{0CC32FED-20EC-4A77-81BF-B36141C55AD6}.Release|Any CPU.ActiveCfg = Release|Any CPU
		{0CC32FED-20EC-4A77-81BF-B36141C55AD6}.Release|Any CPU.Build.0 = Release|Any CPU
		{4BB3237E-E915-47A5-94D4-7E22D2610C9E}.Debug|Any CPU.ActiveCfg = Debug|Any CPU
		{4BB3237E-E915-47A5-94D4-7E22D2610C9E}.Debug|Any CPU.Build.0 = Debug|Any CPU
		{4BB3237E-E915-47A5-94D4-7E22D2610C9E}.Release|Any CPU.ActiveCfg = Release|Any CPU
		{4BB3237E-E915-47A5-94D4-7E22D2610C9E}.Release|Any CPU.Build.0 = Release|Any CPU
		{7722130A-A8B9-4479-BE92-C8B7E40B7246}.Debug|Any CPU.ActiveCfg = Debug|Any CPU
		{7722130A-A8B9-4479-BE92-C8B7E40B7246}.Debug|Any CPU.Build.0 = Debug|Any CPU
		{7722130A-A8B9-4479-BE92-C8B7E40B7246}.Release|Any CPU.ActiveCfg = Release|Any CPU
		{7722130A-A8B9-4479-BE92-C8B7E40B7246}.Release|Any CPU.Build.0 = Release|Any CPU
		{956BC870-1B53-4AD9-991B-413B895DB23D}.Debug|Any CPU.ActiveCfg = Debug|Any CPU
		{956BC870-1B53-4AD9-991B-413B895DB23D}.Debug|Any CPU.Build.0 = Debug|Any CPU
		{956BC870-1B53-4AD9-991B-413B895DB23D}.Release|Any CPU.ActiveCfg = Release|Any CPU
		{956BC870-1B53-4AD9-991B-413B895DB23D}.Release|Any CPU.Build.0 = Release|Any CPU
	EndGlobalSection
	GlobalSection(SolutionProperties) = preSolution
		HideSolutionNode = FALSE
	EndGlobalSection
	GlobalSection(ExtensibilityGlobals) = postSolution
		SolutionGuid = {0C020552-0C5E-48EC-A628-B17ED6877F0C}
	EndGlobalSection
EndGlobal
