
Microsoft Visual Studio Solution File, Format Version 12.00
# Visual Studio Version 17
VisualStudioVersion = 17.14.35906.104 d17.14
MinimumVisualStudioVersion = 10.0.40219.1
Project("{FAE04EC0-301F-11D3-BF4B-00C04F79EFBC}") = "01.WinningTicket", "01.WinningTicket\01.WinningTicket.csproj", "{FA3B74F0-2B77-4946-B59C-B59AD1B4A2B8}"
EndProject
Project("{FAE04EC0-301F-11D3-BF4B-00C04F79EFBC}") = "02.RageQuit", "02.RageQuit\02.RageQuit.csproj", "{4367305A-024A-488C-A71E-1EE399093B9A}"
EndProject
Project("{FAE04EC0-301F-11D3-BF4B-00C04F79EFBC}") = "03.PostOffice", "03.PostOffice\03.PostOffice.csproj", "{6143CA49-C5E3-4B95-B6DA-161ECBC23E98}"
EndProject
Project("{FAE04EC0-301F-11D3-BF4B-00C04F79EFBC}") = "04.Santa'sSecretHelper", "04.Santa'sSecretHelper\04.Santa'sSecretHelper.csproj", "{48D0C577-370E-4377-9C71-112E051BB843}"
EndProject
Global
	GlobalSection(SolutionConfigurationPlatforms) = preSolution
		Debug|Any CPU = Debug|Any CPU
		Release|Any CPU = Release|Any CPU
	EndGlobalSection
	GlobalSection(ProjectConfigurationPlatforms) = postSolution
		{FA3B74F0-2B77-4946-B59C-B59AD1B4A2B8}.Debug|Any CPU.ActiveCfg = Debug|Any CPU
		{FA3B74F0-2B77-4946-B59C-B59AD1B4A2B8}.Debug|Any CPU.Build.0 = Debug|Any CPU
		{FA3B74F0-2B77-4946-B59C-B59AD1B4A2B8}.Release|Any CPU.ActiveCfg = Release|Any CPU
		{FA3B74F0-2B77-4946-B59C-B59AD1B4A2B8}.Release|Any CPU.Build.0 = Release|Any CPU
		{4367305A-024A-488C-A71E-1EE399093B9A}.Debug|Any CPU.ActiveCfg = Debug|Any CPU
		{4367305A-024A-488C-A71E-1EE399093B9A}.Debug|Any CPU.Build.0 = Debug|Any CPU
		{4367305A-024A-488C-A71E-1EE399093B9A}.Release|Any CPU.ActiveCfg = Release|Any CPU
		{4367305A-024A-488C-A71E-1EE399093B9A}.Release|Any CPU.Build.0 = Release|Any CPU
		{6143CA49-C5E3-4B95-B6DA-161ECBC23E98}.Debug|Any CPU.ActiveCfg = Debug|Any CPU
		{6143CA49-C5E3-4B95-B6DA-161ECBC23E98}.Debug|Any CPU.Build.0 = Debug|Any CPU
		{6143CA49-C5E3-4B95-B6DA-161ECBC23E98}.Release|Any CPU.ActiveCfg = Release|Any CPU
		{6143CA49-C5E3-4B95-B6DA-161ECBC23E98}.Release|Any CPU.Build.0 = Release|Any CPU
		{48D0C577-370E-4377-9C71-112E051BB843}.Debug|Any CPU.ActiveCfg = Debug|Any CPU
		{48D0C577-370E-4377-9C71-112E051BB843}.Debug|Any CPU.Build.0 = Debug|Any CPU
		{48D0C577-370E-4377-9C71-112E051BB843}.Release|Any CPU.ActiveCfg = Release|Any CPU
		{48D0C577-370E-4377-9C71-112E051BB843}.Release|Any CPU.Build.0 = Release|Any CPU
	EndGlobalSection
	GlobalSection(SolutionProperties) = preSolution
		HideSolutionNode = FALSE
	EndGlobalSection
	GlobalSection(ExtensibilityGlobals) = postSolution
		SolutionGuid = {55923158-E9F6-4BAC-9F16-0C760854786B}
	EndGlobalSection
EndGlobal
