
Microsoft Visual Studio Solution File, Format Version 12.00
# Visual Studio Version 17
VisualStudioVersion = 17.14.35906.104 d17.14
MinimumVisualStudioVersion = 10.0.40219.1
Project("{FAE04EC0-301F-11D3-BF4B-00C04F79EFBC}") = "01.SortNumber", "01.MoreExercisesBasicSyntaxConditionalStatementsAndLoops\01.SortNumber.csproj", "{D69B977B-5C4F-4914-B1F0-BE564A27BD27}"
EndProject
Project("{FAE04EC0-301F-11D3-BF4B-00C04F79EFBC}") = "02.LastDigit'name", "02.LastDigit'name\02.LastDigit'name.csproj", "{C24F75C4-8937-42AB-8335-CE965B62C40D}"
EndProject
Project("{FAE04EC0-301F-11D3-BF4B-00C04F79EFBC}") = "03.GamingStore", "03.GamingStore\03.GamingStore.csproj", "{81FFE0C6-77EE-4F64-8801-4E99D3B85670}"
EndProject
Project("{FAE04EC0-301F-11D3-BF4B-00C04F79EFBC}") = "04.ReverseString", "04.ReverseString\04.ReverseString.csproj", "{D5F0A1E1-6083-474B-99F2-26927A6D6CD4}"
EndProject
Project("{FAE04EC0-301F-11D3-BF4B-00C04F79EFBC}") = "05.Messages", "05.Messages\05.Messages.csproj", "{0C917E6C-379F-4A14-B90C-BADCA12BB1B2}"
EndProject
Global
	GlobalSection(SolutionConfigurationPlatforms) = preSolution
		Debug|Any CPU = Debug|Any CPU
		Release|Any CPU = Release|Any CPU
	EndGlobalSection
	GlobalSection(ProjectConfigurationPlatforms) = postSolution
		{D69B977B-5C4F-4914-B1F0-BE564A27BD27}.Debug|Any CPU.ActiveCfg = Debug|Any CPU
		{D69B977B-5C4F-4914-B1F0-BE564A27BD27}.Debug|Any CPU.Build.0 = Debug|Any CPU
		{D69B977B-5C4F-4914-B1F0-BE564A27BD27}.Release|Any CPU.ActiveCfg = Release|Any CPU
		{D69B977B-5C4F-4914-B1F0-BE564A27BD27}.Release|Any CPU.Build.0 = Release|Any CPU
		{C24F75C4-8937-42AB-8335-CE965B62C40D}.Debug|Any CPU.ActiveCfg = Debug|Any CPU
		{C24F75C4-8937-42AB-8335-CE965B62C40D}.Debug|Any CPU.Build.0 = Debug|Any CPU
		{C24F75C4-8937-42AB-8335-CE965B62C40D}.Release|Any CPU.ActiveCfg = Release|Any CPU
		{C24F75C4-8937-42AB-8335-CE965B62C40D}.Release|Any CPU.Build.0 = Release|Any CPU
		{81FFE0C6-77EE-4F64-8801-4E99D3B85670}.Debug|Any CPU.ActiveCfg = Debug|Any CPU
		{81FFE0C6-77EE-4F64-8801-4E99D3B85670}.Debug|Any CPU.Build.0 = Debug|Any CPU
		{81FFE0C6-77EE-4F64-8801-4E99D3B85670}.Release|Any CPU.ActiveCfg = Release|Any CPU
		{81FFE0C6-77EE-4F64-8801-4E99D3B85670}.Release|Any CPU.Build.0 = Release|Any CPU
		{D5F0A1E1-6083-474B-99F2-26927A6D6CD4}.Debug|Any CPU.ActiveCfg = Debug|Any CPU
		{D5F0A1E1-6083-474B-99F2-26927A6D6CD4}.Debug|Any CPU.Build.0 = Debug|Any CPU
		{D5F0A1E1-6083-474B-99F2-26927A6D6CD4}.Release|Any CPU.ActiveCfg = Release|Any CPU
		{D5F0A1E1-6083-474B-99F2-26927A6D6CD4}.Release|Any CPU.Build.0 = Release|Any CPU
		{0C917E6C-379F-4A14-B90C-BADCA12BB1B2}.Debug|Any CPU.ActiveCfg = Debug|Any CPU
		{0C917E6C-379F-4A14-B90C-BADCA12BB1B2}.Debug|Any CPU.Build.0 = Debug|Any CPU
		{0C917E6C-379F-4A14-B90C-BADCA12BB1B2}.Release|Any CPU.ActiveCfg = Release|Any CPU
		{0C917E6C-379F-4A14-B90C-BADCA12BB1B2}.Release|Any CPU.Build.0 = Release|Any CPU
	EndGlobalSection
	GlobalSection(SolutionProperties) = preSolution
		HideSolutionNode = FALSE
	EndGlobalSection
	GlobalSection(ExtensibilityGlobals) = postSolution
		SolutionGuid = {4BD3669B-3284-4010-9214-92CD5988D196}
	EndGlobalSection
EndGlobal
